
Microsoft Visual Studio Solution File, Format Version 12.00
# Visual Studio Version 17
VisualStudioVersion = 17.6.33723.286
MinimumVisualStudioVersion = 10.0.40219.1
Project("{9A19103F-16F7-4668-BE54-9A1E7A4F7556}") = "MindBoxApp", "MindBoxTestApp\MindBoxApp.csproj", "{DA84F94D-3289-4DC6-97AF-7AE5AEDE1273}"
EndProject
Project("{9A19103F-16F7-4668-BE54-9A1E7A4F7556}") = "ProgramApp", "ProgramApp\ProgramApp.csproj", "{67F32167-E99D-43CA-BD18-3A32F97EF7EF}"
EndProject
Project("{FAE04EC0-301F-11D3-BF4B-00C04F79EFBC}") = "MindBoxXunitTest", "MindBoxUnitTest\MindBoxXunitTest.csproj", "{9F70C54D-296F-4987-BC5E-B628941FB3F9}"
EndProject
Project("{FAE04EC0-301F-11D3-BF4B-00C04F79EFBC}") = "MindBoxNunitTest", "MindBoxNunitTest\MindBoxNunitTest.csproj", "{EA72AEE8-61CD-416F-AF5E-B0EBAEEB1B24}"
EndProject
Global
	GlobalSection(SolutionConfigurationPlatforms) = preSolution
		Debug|Any CPU = Debug|Any CPU
		Release|Any CPU = Release|Any CPU
	EndGlobalSection
	GlobalSection(ProjectConfigurationPlatforms) = postSolution
		{DA84F94D-3289-4DC6-97AF-7AE5AEDE1273}.Debug|Any CPU.ActiveCfg = Debug|Any CPU
		{DA84F94D-3289-4DC6-97AF-7AE5AEDE1273}.Debug|Any CPU.Build.0 = Debug|Any CPU
		{DA84F94D-3289-4DC6-97AF-7AE5AEDE1273}.Release|Any CPU.ActiveCfg = Release|Any CPU
		{DA84F94D-3289-4DC6-97AF-7AE5AEDE1273}.Release|Any CPU.Build.0 = Release|Any CPU
		{67F32167-E99D-43CA-BD18-3A32F97EF7EF}.Debug|Any CPU.ActiveCfg = Debug|Any CPU
		{67F32167-E99D-43CA-BD18-3A32F97EF7EF}.Debug|Any CPU.Build.0 = Debug|Any CPU
		{67F32167-E99D-43CA-BD18-3A32F97EF7EF}.Release|Any CPU.ActiveCfg = Release|Any CPU
		{67F32167-E99D-43CA-BD18-3A32F97EF7EF}.Release|Any CPU.Build.0 = Release|Any CPU
		{9F70C54D-296F-4987-BC5E-B628941FB3F9}.Debug|Any CPU.ActiveCfg = Debug|Any CPU
		{9F70C54D-296F-4987-BC5E-B628941FB3F9}.Debug|Any CPU.Build.0 = Debug|Any CPU
		{9F70C54D-296F-4987-BC5E-B628941FB3F9}.Release|Any CPU.ActiveCfg = Release|Any CPU
		{9F70C54D-296F-4987-BC5E-B628941FB3F9}.Release|Any CPU.Build.0 = Release|Any CPU
		{EA72AEE8-61CD-416F-AF5E-B0EBAEEB1B24}.Debug|Any CPU.ActiveCfg = Debug|Any CPU
		{EA72AEE8-61CD-416F-AF5E-B0EBAEEB1B24}.Debug|Any CPU.Build.0 = Debug|Any CPU
		{EA72AEE8-61CD-416F-AF5E-B0EBAEEB1B24}.Release|Any CPU.ActiveCfg = Release|Any CPU
		{EA72AEE8-61CD-416F-AF5E-B0EBAEEB1B24}.Release|Any CPU.Build.0 = Release|Any CPU
	EndGlobalSection
	GlobalSection(SolutionProperties) = preSolution
		HideSolutionNode = FALSE
	EndGlobalSection
	GlobalSection(ExtensibilityGlobals) = postSolution
		SolutionGuid = {7F682E63-B965-4146-97DD-8B724C48DB50}
	EndGlobalSection
EndGlobal
